
Microsoft Visual Studio Solution File, Format Version 12.00
# Visual Studio Version 17
VisualStudioVersion = 17.14.36429.23 d17.14
MinimumVisualStudioVersion = 10.0.40219.1
Project("{FAE04EC0-301F-11D3-BF4B-00C04F79EFBC}") = "ConsoleApp1", "ConsoleApp1\ConsoleApp1.csproj", "{747533C8-1315-463B-864B-A5F614721D58}"
EndProject
Global
	GlobalSection(SolutionConfigurationPlatforms) = preSolution
		Debug|Any CPU = Debug|Any CPU
		Release|Any CPU = Release|Any CPU
	EndGlobalSection
	GlobalSection(ProjectConfigurationPlatforms) = postSolution
		{747533C8-1315-463B-864B-A5F614721D58}.Debug|Any CPU.ActiveCfg = Debug|Any CPU
		{747533C8-1315-463B-864B-A5F614721D58}.Debug|Any CPU.Build.0 = Debug|Any CPU
		{747533C8-1315-463B-864B-A5F614721D58}.Release|Any CPU.ActiveCfg = Release|Any CPU
		{747533C8-1315-463B-864B-A5F614721D58}.Release|Any CPU.Build.0 = Release|Any CPU
	EndGlobalSection
	GlobalSection(SolutionProperties) = preSolution
		HideSolutionNode = FALSE
	EndGlobalSection
	GlobalSection(ExtensibilityGlobals) = postSolution
		SolutionGuid = {A60EF473-F757-4643-994B-31FCAB7A2093}
	EndGlobalSection
EndGlobal
